
Microsoft Visual Studio Solution File, Format Version 12.00
# Visual Studio Version 16
VisualStudioVersion = 16.0.29806.167
MinimumVisualStudioVersion = 10.0.40219.1
Project("{FAE04EC0-301F-11D3-BF4B-00C04F79EFBC}") = "Loan.Api", "Loan.Api\Loan.Api.csproj", "{E09DC163-11AF-47BB-8728-E3397707E204}"
EndProject
Project("{2150E333-8FDC-42A3-9474-1A3956D46DE8}") = "Loan", "Loan", "{75B7D55A-4FF8-4674-A356-E9F832C6EDE3}"
EndProject
Project("{FAE04EC0-301F-11D3-BF4B-00C04F79EFBC}") = "Loan.Data", "Loan.Data\Loan.Data.csproj", "{2710B4EC-3E96-4870-8C62-44025876A0EC}"
EndProject
Project("{FAE04EC0-301F-11D3-BF4B-00C04F79EFBC}") = "Loan.Services", "Loan.Services\Loan.Services.csproj", "{6BA2C0CD-3D66-4030-9E69-037CE2C57449}"
EndProject
Project("{2150E333-8FDC-42A3-9474-1A3956D46DE8}") = "Rules", "Rules", "{74425F2B-2E69-4B22-BDF2-1DDA2EAE51DA}"
EndProject
Project("{FAE04EC0-301F-11D3-BF4B-00C04F79EFBC}") = "Rules.Data", "Rules.Data\Rules.Data.csproj", "{2C9D3273-C2F9-49A6-A44B-C2FA67105ED4}"
EndProject
Project("{FAE04EC0-301F-11D3-BF4B-00C04F79EFBC}") = "Rules.Services", "Rules.Services\Rules.Services.csproj", "{85220868-2769-4472-915A-627179D6AE8B}"
EndProject
Project("{FAE04EC0-301F-11D3-BF4B-00C04F79EFBC}") = "Rules.Handler", "Rules.Handler\Rules.Handler.csproj", "{11AABB46-6C0F-4632-A6F9-9D7DAB5CBF6E}"
EndProject
Project("{FAE04EC0-301F-11D3-BF4B-00C04F79EFBC}") = "Loan.Handler", "Loan.Handler\Loan.Handler.csproj", "{7D80D14F-B151-4248-ADDE-4EED40931453}"
EndProject
Project("{FAE04EC0-301F-11D3-BF4B-00C04F79EFBC}") = "Messages", "Messages\Messages.csproj", "{C170CEA0-4387-4A8E-B188-FD49E09F62CE}"
EndProject
Project("{FAE04EC0-301F-11D3-BF4B-00C04F79EFBC}") = "Rules.Api", "Rules.Api\Rules.Api.csproj", "{6A812A47-EF21-4A83-9FCB-9F3F3C2B2C59}"
EndProject
Global
	GlobalSection(SolutionConfigurationPlatforms) = preSolution
		Debug|Any CPU = Debug|Any CPU
		Release|Any CPU = Release|Any CPU
	EndGlobalSection
	GlobalSection(ProjectConfigurationPlatforms) = postSolution
		{E09DC163-11AF-47BB-8728-E3397707E204}.Debug|Any CPU.ActiveCfg = Debug|Any CPU
		{E09DC163-11AF-47BB-8728-E3397707E204}.Debug|Any CPU.Build.0 = Debug|Any CPU
		{E09DC163-11AF-47BB-8728-E3397707E204}.Release|Any CPU.ActiveCfg = Release|Any CPU
		{E09DC163-11AF-47BB-8728-E3397707E204}.Release|Any CPU.Build.0 = Release|Any CPU
		{2710B4EC-3E96-4870-8C62-44025876A0EC}.Debug|Any CPU.ActiveCfg = Debug|Any CPU
		{2710B4EC-3E96-4870-8C62-44025876A0EC}.Debug|Any CPU.Build.0 = Debug|Any CPU
		{2710B4EC-3E96-4870-8C62-44025876A0EC}.Release|Any CPU.ActiveCfg = Release|Any CPU
		{2710B4EC-3E96-4870-8C62-44025876A0EC}.Release|Any CPU.Build.0 = Release|Any CPU
		{6BA2C0CD-3D66-4030-9E69-037CE2C57449}.Debug|Any CPU.ActiveCfg = Debug|Any CPU
		{6BA2C0CD-3D66-4030-9E69-037CE2C57449}.Debug|Any CPU.Build.0 = Debug|Any CPU
		{6BA2C0CD-3D66-4030-9E69-037CE2C57449}.Release|Any CPU.ActiveCfg = Release|Any CPU
		{6BA2C0CD-3D66-4030-9E69-037CE2C57449}.Release|Any CPU.Build.0 = Release|Any CPU
		{2C9D3273-C2F9-49A6-A44B-C2FA67105ED4}.Debug|Any CPU.ActiveCfg = Debug|Any CPU
		{2C9D3273-C2F9-49A6-A44B-C2FA67105ED4}.Debug|Any CPU.Build.0 = Debug|Any CPU
		{2C9D3273-C2F9-49A6-A44B-C2FA67105ED4}.Release|Any CPU.ActiveCfg = Release|Any CPU
		{2C9D3273-C2F9-49A6-A44B-C2FA67105ED4}.Release|Any CPU.Build.0 = Release|Any CPU
		{85220868-2769-4472-915A-627179D6AE8B}.Debug|Any CPU.ActiveCfg = Debug|Any CPU
		{85220868-2769-4472-915A-627179D6AE8B}.Debug|Any CPU.Build.0 = Debug|Any CPU
		{85220868-2769-4472-915A-627179D6AE8B}.Release|Any CPU.ActiveCfg = Release|Any CPU
		{85220868-2769-4472-915A-627179D6AE8B}.Release|Any CPU.Build.0 = Release|Any CPU
		{11AABB46-6C0F-4632-A6F9-9D7DAB5CBF6E}.Debug|Any CPU.ActiveCfg = Debug|Any CPU
		{11AABB46-6C0F-4632-A6F9-9D7DAB5CBF6E}.Debug|Any CPU.Build.0 = Debug|Any CPU
		{11AABB46-6C0F-4632-A6F9-9D7DAB5CBF6E}.Release|Any CPU.ActiveCfg = Release|Any CPU
		{11AABB46-6C0F-4632-A6F9-9D7DAB5CBF6E}.Release|Any CPU.Build.0 = Release|Any CPU
		{7D80D14F-B151-4248-ADDE-4EED40931453}.Debug|Any CPU.ActiveCfg = Debug|Any CPU
		{7D80D14F-B151-4248-ADDE-4EED40931453}.Debug|Any CPU.Build.0 = Debug|Any CPU
		{7D80D14F-B151-4248-ADDE-4EED40931453}.Release|Any CPU.ActiveCfg = Release|Any CPU
		{7D80D14F-B151-4248-ADDE-4EED40931453}.Release|Any CPU.Build.0 = Release|Any CPU
		{C170CEA0-4387-4A8E-B188-FD49E09F62CE}.Debug|Any CPU.ActiveCfg = Debug|Any CPU
		{C170CEA0-4387-4A8E-B188-FD49E09F62CE}.Debug|Any CPU.Build.0 = Debug|Any CPU
		{C170CEA0-4387-4A8E-B188-FD49E09F62CE}.Release|Any CPU.ActiveCfg = Release|Any CPU
		{C170CEA0-4387-4A8E-B188-FD49E09F62CE}.Release|Any CPU.Build.0 = Release|Any CPU
		{6A812A47-EF21-4A83-9FCB-9F3F3C2B2C59}.Debug|Any CPU.ActiveCfg = Debug|Any CPU
		{6A812A47-EF21-4A83-9FCB-9F3F3C2B2C59}.Debug|Any CPU.Build.0 = Debug|Any CPU
		{6A812A47-EF21-4A83-9FCB-9F3F3C2B2C59}.Release|Any CPU.ActiveCfg = Release|Any CPU
		{6A812A47-EF21-4A83-9FCB-9F3F3C2B2C59}.Release|Any CPU.Build.0 = Release|Any CPU
	EndGlobalSection
	GlobalSection(SolutionProperties) = preSolution
		HideSolutionNode = FALSE
	EndGlobalSection
	GlobalSection(NestedProjects) = preSolution
		{E09DC163-11AF-47BB-8728-E3397707E204} = {75B7D55A-4FF8-4674-A356-E9F832C6EDE3}
		{2710B4EC-3E96-4870-8C62-44025876A0EC} = {75B7D55A-4FF8-4674-A356-E9F832C6EDE3}
		{6BA2C0CD-3D66-4030-9E69-037CE2C57449} = {75B7D55A-4FF8-4674-A356-E9F832C6EDE3}
		{2C9D3273-C2F9-49A6-A44B-C2FA67105ED4} = {74425F2B-2E69-4B22-BDF2-1DDA2EAE51DA}
		{85220868-2769-4472-915A-627179D6AE8B} = {74425F2B-2E69-4B22-BDF2-1DDA2EAE51DA}
		{11AABB46-6C0F-4632-A6F9-9D7DAB5CBF6E} = {74425F2B-2E69-4B22-BDF2-1DDA2EAE51DA}
		{7D80D14F-B151-4248-ADDE-4EED40931453} = {75B7D55A-4FF8-4674-A356-E9F832C6EDE3}
		{6A812A47-EF21-4A83-9FCB-9F3F3C2B2C59} = {74425F2B-2E69-4B22-BDF2-1DDA2EAE51DA}
	EndGlobalSection
	GlobalSection(ExtensibilityGlobals) = postSolution
		SolutionGuid = {EA3DE7F9-4A1B-4353-929D-3BADEA127626}
	EndGlobalSection
EndGlobal
